
Microsoft Visual Studio Solution File, Format Version 12.00
Project("{FAE04EC0-301F-11D3-BF4B-00C04F79EFBC}") = "Raptor.Blazor", "Raptor.Blazor.csproj", "{437B038E-F046-4B74-B852-C3FAFEC59917}"
EndProject
Global
	GlobalSection(SolutionConfigurationPlatforms) = preSolution
		Debug|Any CPU = Debug|Any CPU
		Release|Any CPU = Release|Any CPU
	EndGlobalSection
	GlobalSection(ProjectConfigurationPlatforms) = postSolution
		{437B038E-F046-4B74-B852-C3FAFEC59917}.Debug|Any CPU.ActiveCfg = Debug|Any CPU
		{437B038E-F046-4B74-B852-C3FAFEC59917}.Debug|Any CPU.Build.0 = Debug|Any CPU
		{437B038E-F046-4B74-B852-C3FAFEC59917}.Release|Any CPU.ActiveCfg = Release|Any CPU
		{437B038E-F046-4B74-B852-C3FAFEC59917}.Release|Any CPU.Build.0 = Release|Any CPU
	EndGlobalSection
EndGlobal
